
Microsoft Visual Studio Solution File, Format Version 12.00
# Visual Studio Version 17
VisualStudioVersion = 17.3.32721.290
MinimumVisualStudioVersion = 10.0.40219.1
Project("{9A19103F-16F7-4668-BE54-9A1E7A4F7556}") = "CIFExtract", "CIFExtract\CIFExtract.csproj", "{3813EBD0-966E-4999-A7B5-A9F5828B2399}"
EndProject
Project("{9A19103F-16F7-4668-BE54-9A1E7A4F7556}") = "XSheetDecompile", "XSheetDecompile\XSheetDecompile.csproj", "{7A7CDA57-0A7A-4237-AF89-7F69F9CE8984}"
EndProject
Project("{9A19103F-16F7-4668-BE54-9A1E7A4F7556}") = "Sapphire Extract Helpers", "Sapphire Extract Helpers\Sapphire Extract Helpers.csproj", "{63277F21-8667-4AC5-9959-0BAA5BA2867B}"
EndProject
Project("{9A19103F-16F7-4668-BE54-9A1E7A4F7556}") = "XSheetCompile", "XSheetCompile\XSheetCompile.csproj", "{48943FC7-669C-4C8B-B91F-2EFBD350EBB7}"
EndProject
Project("{9A19103F-16F7-4668-BE54-9A1E7A4F7556}") = "CIFPack", "CIFPack\CIFPack.csproj", "{7728FFC8-DC4F-4973-B60A-BCA82365E5BA}"
EndProject
Project("{9A19103F-16F7-4668-BE54-9A1E7A4F7556}") = "HIFFDecompile", "HIFFDecompile\HIFFDecompile.csproj", "{B8EA8202-70F2-4660-B911-52D574793AD6}"
EndProject
Project("{9A19103F-16F7-4668-BE54-9A1E7A4F7556}") = "HIFFCompile", "HIFFCompile\HIFFCompile.csproj", "{C49E1FD3-99DD-4B4F-B67B-748A40820456}"
EndProject
Project("{9A19103F-16F7-4668-BE54-9A1E7A4F7556}") = "HISExtract", "HISExtract\HISExtract.csproj", "{97C123CE-87A3-4FE2-B19B-34D2AA7F2084}"
EndProject
Project("{9A19103F-16F7-4668-BE54-9A1E7A4F7556}") = "HISPack", "HISPack\HISPack.csproj", "{C7F3C971-D137-4340-9F77-AA0478F08512}"
EndProject
Project("{9A19103F-16F7-4668-BE54-9A1E7A4F7556}") = "AVFPack", "AVFPack\AVFPack.csproj", "{33B60D13-3C1A-4E39-B0D2-457D10E301B0}"
EndProject
Project("{9A19103F-16F7-4668-BE54-9A1E7A4F7556}") = "AVFExtract", "AVFExtract\AVFExtract.csproj", "{8FC5BD48-15FD-494E-822F-8C9B2C940AF3}"
EndProject
Global
	GlobalSection(SolutionConfigurationPlatforms) = preSolution
		Debug|Any CPU = Debug|Any CPU
		Release|Any CPU = Release|Any CPU
	EndGlobalSection
	GlobalSection(ProjectConfigurationPlatforms) = postSolution
		{3813EBD0-966E-4999-A7B5-A9F5828B2399}.Debug|Any CPU.ActiveCfg = Debug|Any CPU
		{3813EBD0-966E-4999-A7B5-A9F5828B2399}.Debug|Any CPU.Build.0 = Debug|Any CPU
		{3813EBD0-966E-4999-A7B5-A9F5828B2399}.Release|Any CPU.ActiveCfg = Release|Any CPU
		{3813EBD0-966E-4999-A7B5-A9F5828B2399}.Release|Any CPU.Build.0 = Release|Any CPU
		{7A7CDA57-0A7A-4237-AF89-7F69F9CE8984}.Debug|Any CPU.ActiveCfg = Debug|Any CPU
		{7A7CDA57-0A7A-4237-AF89-7F69F9CE8984}.Debug|Any CPU.Build.0 = Debug|Any CPU
		{7A7CDA57-0A7A-4237-AF89-7F69F9CE8984}.Release|Any CPU.ActiveCfg = Release|Any CPU
		{7A7CDA57-0A7A-4237-AF89-7F69F9CE8984}.Release|Any CPU.Build.0 = Release|Any CPU
		{63277F21-8667-4AC5-9959-0BAA5BA2867B}.Debug|Any CPU.ActiveCfg = Debug|Any CPU
		{63277F21-8667-4AC5-9959-0BAA5BA2867B}.Debug|Any CPU.Build.0 = Debug|Any CPU
		{63277F21-8667-4AC5-9959-0BAA5BA2867B}.Release|Any CPU.ActiveCfg = Release|Any CPU
		{63277F21-8667-4AC5-9959-0BAA5BA2867B}.Release|Any CPU.Build.0 = Release|Any CPU
		{48943FC7-669C-4C8B-B91F-2EFBD350EBB7}.Debug|Any CPU.ActiveCfg = Debug|Any CPU
		{48943FC7-669C-4C8B-B91F-2EFBD350EBB7}.Debug|Any CPU.Build.0 = Debug|Any CPU
		{48943FC7-669C-4C8B-B91F-2EFBD350EBB7}.Release|Any CPU.ActiveCfg = Release|Any CPU
		{48943FC7-669C-4C8B-B91F-2EFBD350EBB7}.Release|Any CPU.Build.0 = Release|Any CPU
		{7728FFC8-DC4F-4973-B60A-BCA82365E5BA}.Debug|Any CPU.ActiveCfg = Debug|Any CPU
		{7728FFC8-DC4F-4973-B60A-BCA82365E5BA}.Debug|Any CPU.Build.0 = Debug|Any CPU
		{7728FFC8-DC4F-4973-B60A-BCA82365E5BA}.Release|Any CPU.ActiveCfg = Release|Any CPU
		{7728FFC8-DC4F-4973-B60A-BCA82365E5BA}.Release|Any CPU.Build.0 = Release|Any CPU
		{B8EA8202-70F2-4660-B911-52D574793AD6}.Debug|Any CPU.ActiveCfg = Debug|Any CPU
		{B8EA8202-70F2-4660-B911-52D574793AD6}.Debug|Any CPU.Build.0 = Debug|Any CPU
		{B8EA8202-70F2-4660-B911-52D574793AD6}.Release|Any CPU.ActiveCfg = Release|Any CPU
		{B8EA8202-70F2-4660-B911-52D574793AD6}.Release|Any CPU.Build.0 = Release|Any CPU
		{C49E1FD3-99DD-4B4F-B67B-748A40820456}.Debug|Any CPU.ActiveCfg = Debug|Any CPU
		{C49E1FD3-99DD-4B4F-B67B-748A40820456}.Debug|Any CPU.Build.0 = Debug|Any CPU
		{C49E1FD3-99DD-4B4F-B67B-748A40820456}.Release|Any CPU.ActiveCfg = Release|Any CPU
		{C49E1FD3-99DD-4B4F-B67B-748A40820456}.Release|Any CPU.Build.0 = Release|Any CPU
		{97C123CE-87A3-4FE2-B19B-34D2AA7F2084}.Debug|Any CPU.ActiveCfg = Debug|Any CPU
		{97C123CE-87A3-4FE2-B19B-34D2AA7F2084}.Debug|Any CPU.Build.0 = Debug|Any CPU
		{97C123CE-87A3-4FE2-B19B-34D2AA7F2084}.Release|Any CPU.ActiveCfg = Release|Any CPU
		{97C123CE-87A3-4FE2-B19B-34D2AA7F2084}.Release|Any CPU.Build.0 = Release|Any CPU
		{C7F3C971-D137-4340-9F77-AA0478F08512}.Debug|Any CPU.ActiveCfg = Debug|Any CPU
		{C7F3C971-D137-4340-9F77-AA0478F08512}.Debug|Any CPU.Build.0 = Debug|Any CPU
		{C7F3C971-D137-4340-9F77-AA0478F08512}.Release|Any CPU.ActiveCfg = Release|Any CPU
		{C7F3C971-D137-4340-9F77-AA0478F08512}.Release|Any CPU.Build.0 = Release|Any CPU
		{33B60D13-3C1A-4E39-B0D2-457D10E301B0}.Debug|Any CPU.ActiveCfg = Debug|Any CPU
		{33B60D13-3C1A-4E39-B0D2-457D10E301B0}.Debug|Any CPU.Build.0 = Debug|Any CPU
		{33B60D13-3C1A-4E39-B0D2-457D10E301B0}.Release|Any CPU.ActiveCfg = Release|Any CPU
		{33B60D13-3C1A-4E39-B0D2-457D10E301B0}.Release|Any CPU.Build.0 = Release|Any CPU
		{8FC5BD48-15FD-494E-822F-8C9B2C940AF3}.Debug|Any CPU.ActiveCfg = Debug|Any CPU
		{8FC5BD48-15FD-494E-822F-8C9B2C940AF3}.Debug|Any CPU.Build.0 = Debug|Any CPU
		{8FC5BD48-15FD-494E-822F-8C9B2C940AF3}.Release|Any CPU.ActiveCfg = Release|Any CPU
		{8FC5BD48-15FD-494E-822F-8C9B2C940AF3}.Release|Any CPU.Build.0 = Release|Any CPU
	EndGlobalSection
	GlobalSection(SolutionProperties) = preSolution
		HideSolutionNode = FALSE
	EndGlobalSection
	GlobalSection(ExtensibilityGlobals) = postSolution
		SolutionGuid = {8CC64BD1-1179-47CA-815A-BA25A177AEA7}
	EndGlobalSection
EndGlobal
